
Microsoft Visual Studio Solution File, Format Version 12.00
# Visual Studio Version 17
VisualStudioVersion = 17.14.36121.58 d17.14
MinimumVisualStudioVersion = 10.0.40219.1
Project("{FAE04EC0-301F-11D3-BF4B-00C04F79EFBC}") = "PhoneReseller", "PhoneReseller\PhoneReseller.csproj", "{4DBE9838-C5E9-492A-9F83-22109D25A5CC}"
EndProject
Project("{FAE04EC0-301F-11D3-BF4B-00C04F79EFBC}") = "PhoneReports", "PhoneReports\PhoneReports.csproj", "{87F23222-25F0-4533-A51E-32959BEF1427}"
EndProject
Project("{FAE04EC0-301F-11D3-BF4B-00C04F79EFBC}") = "PhoneReseller.Domain", "PhoneReseller.domain\PhoneReseller.Domain.csproj", "{4287B599-E40C-4048-A2EC-236D9FA36536}"
EndProject
Project("{FAE04EC0-301F-11D3-BF4B-00C04F79EFBC}") = "PSKeyGenerator", "PSKeyGenerator\PSKeyGenerator.csproj", "{278CA803-3748-4089-9113-9D46447C9400}"
EndProject
Global
	GlobalSection(SolutionConfigurationPlatforms) = preSolution
		Debug|Any CPU = Debug|Any CPU
		Debug|Mixed Platforms = Debug|Mixed Platforms
		Debug|x86 = Debug|x86
		Release|Any CPU = Release|Any CPU
		Release|Mixed Platforms = Release|Mixed Platforms
		Release|x86 = Release|x86
	EndGlobalSection
	GlobalSection(ProjectConfigurationPlatforms) = postSolution
		{4DBE9838-C5E9-492A-9F83-22109D25A5CC}.Debug|Any CPU.ActiveCfg = Debug|x86
		{4DBE9838-C5E9-492A-9F83-22109D25A5CC}.Debug|Mixed Platforms.ActiveCfg = Debug|x86
		{4DBE9838-C5E9-492A-9F83-22109D25A5CC}.Debug|Mixed Platforms.Build.0 = Debug|x86
		{4DBE9838-C5E9-492A-9F83-22109D25A5CC}.Debug|x86.ActiveCfg = Debug|x86
		{4DBE9838-C5E9-492A-9F83-22109D25A5CC}.Debug|x86.Build.0 = Debug|x86
		{4DBE9838-C5E9-492A-9F83-22109D25A5CC}.Release|Any CPU.ActiveCfg = Release|x86
		{4DBE9838-C5E9-492A-9F83-22109D25A5CC}.Release|Mixed Platforms.ActiveCfg = Release|x86
		{4DBE9838-C5E9-492A-9F83-22109D25A5CC}.Release|Mixed Platforms.Build.0 = Release|x86
		{4DBE9838-C5E9-492A-9F83-22109D25A5CC}.Release|x86.ActiveCfg = Release|x86
		{4DBE9838-C5E9-492A-9F83-22109D25A5CC}.Release|x86.Build.0 = Release|x86
		{87F23222-25F0-4533-A51E-32959BEF1427}.Debug|Any CPU.ActiveCfg = Debug|Any CPU
		{87F23222-25F0-4533-A51E-32959BEF1427}.Debug|Any CPU.Build.0 = Debug|Any CPU
		{87F23222-25F0-4533-A51E-32959BEF1427}.Debug|Mixed Platforms.ActiveCfg = Debug|Any CPU
		{87F23222-25F0-4533-A51E-32959BEF1427}.Debug|Mixed Platforms.Build.0 = Debug|Any CPU
		{87F23222-25F0-4533-A51E-32959BEF1427}.Debug|x86.ActiveCfg = Debug|Any CPU
		{87F23222-25F0-4533-A51E-32959BEF1427}.Release|Any CPU.ActiveCfg = Release|Any CPU
		{87F23222-25F0-4533-A51E-32959BEF1427}.Release|Any CPU.Build.0 = Release|Any CPU
		{87F23222-25F0-4533-A51E-32959BEF1427}.Release|Mixed Platforms.ActiveCfg = Release|Any CPU
		{87F23222-25F0-4533-A51E-32959BEF1427}.Release|Mixed Platforms.Build.0 = Release|Any CPU
		{87F23222-25F0-4533-A51E-32959BEF1427}.Release|x86.ActiveCfg = Release|Any CPU
		{4287B599-E40C-4048-A2EC-236D9FA36536}.Debug|Any CPU.ActiveCfg = Debug|Any CPU
		{4287B599-E40C-4048-A2EC-236D9FA36536}.Debug|Any CPU.Build.0 = Debug|Any CPU
		{4287B599-E40C-4048-A2EC-236D9FA36536}.Debug|Mixed Platforms.ActiveCfg = Debug|Any CPU
		{4287B599-E40C-4048-A2EC-236D9FA36536}.Debug|Mixed Platforms.Build.0 = Debug|Any CPU
		{4287B599-E40C-4048-A2EC-236D9FA36536}.Debug|x86.ActiveCfg = Debug|Any CPU
		{4287B599-E40C-4048-A2EC-236D9FA36536}.Release|Any CPU.ActiveCfg = Release|Any CPU
		{4287B599-E40C-4048-A2EC-236D9FA36536}.Release|Any CPU.Build.0 = Release|Any CPU
		{4287B599-E40C-4048-A2EC-236D9FA36536}.Release|Mixed Platforms.ActiveCfg = Release|Any CPU
		{4287B599-E40C-4048-A2EC-236D9FA36536}.Release|Mixed Platforms.Build.0 = Release|Any CPU
		{4287B599-E40C-4048-A2EC-236D9FA36536}.Release|x86.ActiveCfg = Release|Any CPU
		{278CA803-3748-4089-9113-9D46447C9400}.Debug|Any CPU.ActiveCfg = Debug|x86
		{278CA803-3748-4089-9113-9D46447C9400}.Debug|Mixed Platforms.ActiveCfg = Debug|x86
		{278CA803-3748-4089-9113-9D46447C9400}.Debug|Mixed Platforms.Build.0 = Debug|x86
		{278CA803-3748-4089-9113-9D46447C9400}.Debug|x86.ActiveCfg = Debug|x86
		{278CA803-3748-4089-9113-9D46447C9400}.Debug|x86.Build.0 = Debug|x86
		{278CA803-3748-4089-9113-9D46447C9400}.Release|Any CPU.ActiveCfg = Release|x86
		{278CA803-3748-4089-9113-9D46447C9400}.Release|Mixed Platforms.ActiveCfg = Release|x86
		{278CA803-3748-4089-9113-9D46447C9400}.Release|Mixed Platforms.Build.0 = Release|x86
		{278CA803-3748-4089-9113-9D46447C9400}.Release|x86.ActiveCfg = Release|x86
		{278CA803-3748-4089-9113-9D46447C9400}.Release|x86.Build.0 = Release|x86
	EndGlobalSection
	GlobalSection(SolutionProperties) = preSolution
		HideSolutionNode = FALSE
	EndGlobalSection
EndGlobal
